
Microsoft Visual Studio Solution File, Format Version 12.00
# Visual Studio 2012
Project("{FAE04EC0-301F-11D3-BF4B-00C04F79EFBC}") = "EjemploDT", "EjemploDT\EjemploDT.csproj", "{F6DF2938-EE0E-48BD-A44C-514957E6605C}"
EndProject
Global
	GlobalSection(SolutionConfigurationPlatforms) = preSolution
		Debug|Any CPU = Debug|Any CPU
		Release|Any CPU = Release|Any CPU
	EndGlobalSection
	GlobalSection(ProjectConfigurationPlatforms) = postSolution
		{F6DF2938-EE0E-48BD-A44C-514957E6605C}.Debug|Any CPU.ActiveCfg = Debug|Any CPU
		{F6DF2938-EE0E-48BD-A44C-514957E6605C}.Debug|Any CPU.Build.0 = Debug|Any CPU
		{F6DF2938-EE0E-48BD-A44C-514957E6605C}.Release|Any CPU.ActiveCfg = Release|Any CPU
		{F6DF2938-EE0E-48BD-A44C-514957E6605C}.Release|Any CPU.Build.0 = Release|Any CPU
	EndGlobalSection
	GlobalSection(SolutionProperties) = preSolution
		HideSolutionNode = FALSE
	EndGlobalSection
EndGlobal
